// !$*UTF8*$!
{
	archiveVersion = 1;
	classes = {
	};
	objectVersion = 56;
	objects = {

/* Begin PBXBuildFile section */
		49D790D3CC544A71AB428481 /* AppDelegate.swift in Sources */ = {isa = PBXBuildFile; fileRef = D031C7F9B5BC47BFB61427A1; };
		33DD91FCC2A14F989AE4F32E /* SceneDelegate.swift in Sources */ = {isa = PBXBuildFile; fileRef = 68406DF86FA44E5C8428C4AB; };
		39A2F170C8964D09A8D910C9 /* ViewController.swift in Sources */ = {isa = PBXBuildFile; fileRef = C615F7C08844417196759407; };
		9DE7671F7F5C44A4A5D32EFD /* Info.plist in Resources */ = {isa = PBXBuildFile; fileRef = 04B4B347D1874AF2818826E2; };
		58CEF32C2FE64BDCA92E5B4A /* Assets.xcassets in Resources */ = {isa = PBXBuildFile; fileRef = FFB903BF9AAF404881BBA91E; };
/* End PBXBuildFile section */

/* Begin PBXFileReference section */
		D031C7F9B5BC47BFB61427A1 /* AppDelegate.swift */ = {isa = PBXFileReference; lastKnownFileType = sourcecode.swift; path = AppDelegate.swift; sourceTree = "<group>"; };
		68406DF86FA44E5C8428C4AB /* SceneDelegate.swift */ = {isa = PBXFileReference; lastKnownFileType = sourcecode.swift; path = SceneDelegate.swift; sourceTree = "<group>"; };
		C615F7C08844417196759407 /* ViewController.swift */ = {isa = PBXFileReference; lastKnownFileType = sourcecode.swift; path = ViewController.swift; sourceTree = "<group>"; };
		04B4B347D1874AF2818826E2 /* Info.plist */ = {isa = PBXFileReference; lastKnownFileType = text.plist.xml; path = Info.plist; sourceTree = "<group>"; };
		FFB903BF9AAF404881BBA91E /* Assets.xcassets */ = {isa = PBXFileReference; lastKnownFileType = folder.assetcatalog; path = Assets.xcassets; sourceTree = "<group>"; };
		BD3ADA1BD3B6442D854EE8BB /* CryptoLegacy.app */ = {isa = PBXFileReference; explicitFileType = wrapper.application; includeInIndex = 0; path = CryptoLegacy.app; sourceTree = BUILT_PRODUCTS_DIR; };
/* End PBXFileReference section */

/* Begin PBXGroup section */
		BF247B9637D1452EA26D8A1D = {
			isa = PBXGroup;
			children = (
				D031C7F9B5BC47BFB61427A1,
				68406DF86FA44E5C8428C4AB,
				C615F7C08844417196759407,
				04B4B347D1874AF2818826E2,
				BAB79658F12A41D0A91F2441 /* Assets.xcassets */,
			);
			path = CryptoLegacy;
			sourceTree = "<group>";
		};
		BAB79658F12A41D0A91F2441 = {
			isa = PBXGroup;
			children = (
				F35C14716FA24DE0AFCD6A51 /* AppIcon.appiconset */,
			);
			path = Assets.xcassets;
			sourceTree = "<group>";
		};
		235B79737FF74F2ABA1DB5FB = {
			isa = PBXGroup;
			children = (
			);
			path = AppIcon.appiconset;
			sourceTree = "<group>";
		};
		5D1B35C96B2C4F0F9B380EA0 = {
			isa = PBXGroup;
			children = (
				BF247B9637D1452EA26D8A1D,
				BD3ADA1BD3B6442D854EE8BB,
			);
			sourceTree = "<group>";
		};
/* End PBXGroup section */

/* Begin PBXNativeTarget section */
		5A89518C43AA478A805AC55C /* CryptoLegacy */ = {
			isa = PBXNativeTarget;
			buildConfigurationList = A47490A34823482B84A88523;
			buildPhases = (
				332EFD12846240C2BBD84F51 /* Sources */,
				50FB6A589FF24445B32ED3B5 /* Resources */,
			);
			buildRules = (
			);
			dependencies = (
			);
			name = CryptoLegacy;
			productName = CryptoLegacy;
			productReference = BD3ADA1BD3B6442D854EE8BB;
			productType = "com.apple.product-type.application";
		};
/* End PBXNativeTarget section */

/* Begin PBXProject section */
		5D1B35C96B2C4F0F9B380EA0 /* Project object */ = {
			isa = PBXProject;
			attributes = {
				BuildIndependentTargetsInParallel = 1;
				LastSwiftUpdateCheck = 1500;
				LastUpgradeCheck = 1500;
			};
			buildConfigurationList = 99B73AF0272E4D7F8B60458B;
			compatibilityVersion = "Xcode 14.0";
			developmentRegion = en;
			hasScannedForEncodings = 0;
			knownRegions = (
				en,
				Base,
			);
			mainGroup = 5D1B35C96B2C4F0F9B380EA0;
			productRefGroup = 5D1B35C96B2C4F0F9B380EA0;
			projectDirPath = "";
			projectRoot = "";
			targets = (
				5A89518C43AA478A805AC55C /* CryptoLegacy */,
			);
		};
/* End PBXProject section */

/* Begin PBXSourcesBuildPhase section */
		332EFD12846240C2BBD84F51 /* Sources */ = {
			isa = PBXSourcesBuildPhase;
			buildActionMask = 2147483647;
			files = (
				49D790D3CC544A71AB428481 /* AppDelegate.swift in Sources */,
				33DD91FCC2A14F989AE4F32E /* SceneDelegate.swift in Sources */,
				39A2F170C8964D09A8D910C9 /* ViewController.swift in Sources */,
			);
			runOnlyForDeploymentPostprocessing = 0;
		};
/* End PBXSourcesBuildPhase section */

/* Begin PBXResourcesBuildPhase section */
		50FB6A589FF24445B32ED3B5 /* Resources */ = {
			isa = PBXResourcesBuildPhase;
			buildActionMask = 2147483647;
			files = (
				9DE7671F7F5C44A4A5D32EFD /* Info.plist in Resources */,
				58CEF32C2FE64BDCA92E5B4A /* Assets.xcassets in Resources */,
			);
			runOnlyForDeploymentPostprocessing = 0;
		};
/* End PBXResourcesBuildPhase section */

/* Begin XCBuildConfiguration section */
		F54F29BA2C26419DA2801E05 /* Debug */ = {
			isa = XCBuildConfiguration;
			buildSettings = {
				ALWAYS_SEARCH_USER_PATHS = NO;
				ASSETCATALOG_COMPILER_GENERATE_SWIFT_ASSET_SYMBOL_EXTENSIONS = YES;
				CLANG_ANALYZER_NONNULL = YES;
				CLANG_CXX_LANGUAGE_STANDARD = "gnu++20";
				CLANG_ENABLE_MODULES = YES;
				CLANG_ENABLE_OBJC_ARC = YES;
				COPY_PHASE_STRIP = NO;
				DEBUG_INFORMATION_FORMAT = dwarf;
				ENABLE_STRICT_OBJC_MSGSEND = YES;
				ENABLE_TESTABILITY = YES;
				ENABLE_USER_SCRIPT_SANDBOXING = NO;
				GCC_DYNAMIC_NO_PIC = NO;
				GCC_OPTIMIZATION_LEVEL = 0;
				GCC_PREPROCESSOR_DEFINITIONS = (
					"DEBUG=1",
					"$(inherited)",
				);
				IPHONEOS_DEPLOYMENT_TARGET = 15.0;
				MTL_ENABLE_DEBUG_INFO = INCLUDE_SOURCE;
				ONLY_ACTIVE_ARCH = YES;
				SDKROOT = iphoneos;
				SWIFT_ACTIVE_COMPILATION_CONDITIONS = DEBUG;
				SWIFT_OPTIMIZATION_LEVEL = "-Onone";
			};
			name = Debug;
		};
		9DC01EC18CB84012B5392127 /* Release */ = {
			isa = XCBuildConfiguration;
			buildSettings = {
				ALWAYS_SEARCH_USER_PATHS = NO;
				ASSETCATALOG_COMPILER_GENERATE_SWIFT_ASSET_SYMBOL_EXTENSIONS = YES;
				CLANG_ANALYZER_NONNULL = YES;
				CLANG_CXX_LANGUAGE_STANDARD = "gnu++20";
				CLANG_ENABLE_MODULES = YES;
				CLANG_ENABLE_OBJC_ARC = YES;
				COPY_PHASE_STRIP = NO;
				DEBUG_INFORMATION_FORMAT = "dwarf-with-dsym";
				ENABLE_NS_ASSERTIONS = NO;
				ENABLE_STRICT_OBJC_MSGSEND = YES;
				ENABLE_USER_SCRIPT_SANDBOXING = NO;
				GCC_OPTIMIZATION_LEVEL = s;
				IPHONEOS_DEPLOYMENT_TARGET = 15.0;
				MTL_ENABLE_DEBUG_INFO = NO;
				SDKROOT = iphoneos;
				SWIFT_COMPILATION_MODE = wholemodule;
				SWIFT_OPTIMIZATION_LEVEL = "-O";
				VALIDATE_PRODUCT = YES;
			};
			name = Release;
		};
		95327065164745379960F6F5 /* Debug */ = {
			isa = XCBuildConfiguration;
			buildSettings = {
				ASSETCATALOG_COMPILER_APPICON_NAME = AppIcon;
				CODE_SIGN_STYLE = Automatic;
				CURRENT_PROJECT_VERSION = 1;
				DEVELOPMENT_TEAM = "";
				GENERATE_INFOPLIST_FILE = NO;
				INFOPLIST_FILE = CryptoLegacy/Info.plist;
				INFOPLIST_KEY_UIApplicationSceneManifest_Generation = YES;
				INFOPLIST_KEY_UIApplicationSupportsIndirectInputEvents = YES;
				INFOPLIST_KEY_UILaunchStoryboardName = "";
				INFOPLIST_KEY_UISupportedInterfaceOrientations_iPad = "UIInterfaceOrientationPortrait UIInterfaceOrientationPortraitUpsideDown UIInterfaceOrientationLandscapeLeft UIInterfaceOrientationLandscapeRight";
				INFOPLIST_KEY_UISupportedInterfaceOrientations_iPhone = "UIInterfaceOrientationPortrait UIInterfaceOrientationLandscapeLeft UIInterfaceOrientationLandscapeRight";
				LD_RUNPATH_SEARCH_PATHS = (
					"$(inherited)",
					"@executable_path/Frameworks",
				);
				MARKETING_VERSION = 1.0;
				PRODUCT_BUNDLE_IDENTIFIER = com.setolabs.Cryptomator;
				PRODUCT_NAME = "Cryptomator";
				SWIFT_EMIT_LOC_STRINGS = YES;
				SWIFT_VERSION = 5.0;
				TARGETED_DEVICE_FAMILY = "1,2";
			};
			name = Debug;
		};
		CD241E21A60F468382B30A13 /* Release */ = {
			isa = XCBuildConfiguration;
			buildSettings = {
				ASSETCATALOG_COMPILER_APPICON_NAME = AppIcon;
				CODE_SIGN_STYLE = Automatic;
				CURRENT_PROJECT_VERSION = 1;
				DEVELOPMENT_TEAM = "";
				GENERATE_INFOPLIST_FILE = NO;
				INFOPLIST_FILE = CryptoLegacy/Info.plist;
				INFOPLIST_KEY_UIApplicationSceneManifest_Generation = YES;
				INFOPLIST_KEY_UIApplicationSupportsIndirectInputEvents = YES;
				INFOPLIST_KEY_UILaunchStoryboardName = "";
				INFOPLIST_KEY_UISupportedInterfaceOrientations_iPad = "UIInterfaceOrientationPortrait UIInterfaceOrientationPortraitUpsideDown UIInterfaceOrientationLandscapeLeft UIInterfaceOrientationLandscapeRight";
				INFOPLIST_KEY_UISupportedInterfaceOrientations_iPhone = "UIInterfaceOrientationPortrait UIInterfaceOrientationLandscapeLeft UIInterfaceOrientationLandscapeRight";
				LD_RUNPATH_SEARCH_PATHS = (
					"$(inherited)",
					"@executable_path/Frameworks",
				);
				MARKETING_VERSION = 1.0;
				PRODUCT_BUNDLE_IDENTIFIER = com.setolabs.Cryptomator;
				PRODUCT_NAME = "Cryptomator";
				SWIFT_EMIT_LOC_STRINGS = YES;
				SWIFT_VERSION = 5.0;
				TARGETED_DEVICE_FAMILY = "1,2";
			};
			name = Release;
		};
/* End XCBuildConfiguration section */

/* Begin XCConfigurationList section */
		99B73AF0272E4D7F8B60458B /* Build configuration list for PBXProject "CryptoLegacy" */ = {
			isa = XCConfigurationList;
			buildConfigurations = (
				F54F29BA2C26419DA2801E05 /* Debug */,
				9DC01EC18CB84012B5392127 /* Release */,
			);
			defaultConfigurationIsVisible = 0;
			defaultConfigurationName = Release;
		};
		A47490A34823482B84A88523 /* Build configuration list for PBXNativeTarget "CryptoLegacy" */ = {
			isa = XCConfigurationList;
			buildConfigurations = (
				95327065164745379960F6F5 /* Debug */,
				CD241E21A60F468382B30A13 /* Release */,
			);
			defaultConfigurationIsVisible = 0;
			defaultConfigurationName = Release;
		};
/* End XCConfigurationList section */
	};
	rootObject = 5D1B35C96B2C4F0F9B380EA0 /* Project object */;
}
